
Microsoft Visual Studio Solution File, Format Version 12.00
# Visual Studio Version 16
VisualStudioVersion = 16.0.30621.155
MinimumVisualStudioVersion = 10.0.40219.1
Project("{FAE04EC0-301F-11D3-BF4B-00C04F79EFBC}") = "snake", "snake\snake.csproj", "{B887B7D7-0E2B-446B-A411-1A7D77B8A5A1}"
EndProject
Global
	GlobalSection(SolutionConfigurationPlatforms) = preSolution
		Debug|Any CPU = Debug|Any CPU
		Release|Any CPU = Release|Any CPU
	EndGlobalSection
	GlobalSection(ProjectConfigurationPlatforms) = postSolution
		{B887B7D7-0E2B-446B-A411-1A7D77B8A5A1}.Debug|Any CPU.ActiveCfg = Debug|Any CPU
		{B887B7D7-0E2B-446B-A411-1A7D77B8A5A1}.Debug|Any CPU.Build.0 = Debug|Any CPU
		{B887B7D7-0E2B-446B-A411-1A7D77B8A5A1}.Release|Any CPU.ActiveCfg = Release|Any CPU
		{B887B7D7-0E2B-446B-A411-1A7D77B8A5A1}.Release|Any CPU.Build.0 = Release|Any CPU
	EndGlobalSection
	GlobalSection(SolutionProperties) = preSolution
		HideSolutionNode = FALSE
	EndGlobalSection
	GlobalSection(ExtensibilityGlobals) = postSolution
		SolutionGuid = {B31806C8-C04F-4F6F-8C50-D565F3DD1F44}
	EndGlobalSection
EndGlobal
