
Microsoft Visual Studio Solution File, Format Version 12.00
# Visual Studio Version 16
VisualStudioVersion = 16.0.30503.244
MinimumVisualStudioVersion = 10.0.40219.1
Project("{FAE04EC0-301F-11D3-BF4B-00C04F79EFBC}") = "w4d5m2", "w4d5m2\w4d5m2.csproj", "{04A4F840-B692-411F-BBE1-F8AC52019D19}"
EndProject
Global
	GlobalSection(SolutionConfigurationPlatforms) = preSolution
		Debug|Any CPU = Debug|Any CPU
		Release|Any CPU = Release|Any CPU
	EndGlobalSection
	GlobalSection(ProjectConfigurationPlatforms) = postSolution
		{04A4F840-B692-411F-BBE1-F8AC52019D19}.Debug|Any CPU.ActiveCfg = Debug|Any CPU
		{04A4F840-B692-411F-BBE1-F8AC52019D19}.Debug|Any CPU.Build.0 = Debug|Any CPU
		{04A4F840-B692-411F-BBE1-F8AC52019D19}.Release|Any CPU.ActiveCfg = Release|Any CPU
		{04A4F840-B692-411F-BBE1-F8AC52019D19}.Release|Any CPU.Build.0 = Release|Any CPU
	EndGlobalSection
	GlobalSection(SolutionProperties) = preSolution
		HideSolutionNode = FALSE
	EndGlobalSection
	GlobalSection(ExtensibilityGlobals) = postSolution
		SolutionGuid = {C570503C-6574-46AD-987F-DA11F49F008B}
	EndGlobalSection
EndGlobal
