
Microsoft Visual Studio Solution File, Format Version 12.00
# Visual Studio Version 16
VisualStudioVersion = 16.0.30503.244
MinimumVisualStudioVersion = 10.0.40219.1
Project("{FAE04EC0-301F-11D3-BF4B-00C04F79EFBC}") = "w3d1e3", "w3d1e3\w3d1e3.csproj", "{493C3498-A12B-4154-9716-34AA8E40FF27}"
EndProject
Global
	GlobalSection(SolutionConfigurationPlatforms) = preSolution
		Debug|Any CPU = Debug|Any CPU
		Release|Any CPU = Release|Any CPU
	EndGlobalSection
	GlobalSection(ProjectConfigurationPlatforms) = postSolution
		{493C3498-A12B-4154-9716-34AA8E40FF27}.Debug|Any CPU.ActiveCfg = Debug|Any CPU
		{493C3498-A12B-4154-9716-34AA8E40FF27}.Debug|Any CPU.Build.0 = Debug|Any CPU
		{493C3498-A12B-4154-9716-34AA8E40FF27}.Release|Any CPU.ActiveCfg = Release|Any CPU
		{493C3498-A12B-4154-9716-34AA8E40FF27}.Release|Any CPU.Build.0 = Release|Any CPU
	EndGlobalSection
	GlobalSection(SolutionProperties) = preSolution
		HideSolutionNode = FALSE
	EndGlobalSection
	GlobalSection(ExtensibilityGlobals) = postSolution
		SolutionGuid = {58229BFE-692E-48B1-A183-EBAAF09F38BA}
	EndGlobalSection
EndGlobal
