
Microsoft Visual Studio Solution File, Format Version 12.00
# Visual Studio Version 16
VisualStudioVersion = 16.0.30621.155
MinimumVisualStudioVersion = 10.0.40219.1
Project("{FAE04EC0-301F-11D3-BF4B-00C04F79EFBC}") = "w6d2m2", "w6d2m2\w6d2m2.csproj", "{6B6AB420-6AB3-4A41-BD8C-E57BECFA864A}"
EndProject
Global
	GlobalSection(SolutionConfigurationPlatforms) = preSolution
		Debug|Any CPU = Debug|Any CPU
		Release|Any CPU = Release|Any CPU
	EndGlobalSection
	GlobalSection(ProjectConfigurationPlatforms) = postSolution
		{6B6AB420-6AB3-4A41-BD8C-E57BECFA864A}.Debug|Any CPU.ActiveCfg = Debug|Any CPU
		{6B6AB420-6AB3-4A41-BD8C-E57BECFA864A}.Debug|Any CPU.Build.0 = Debug|Any CPU
		{6B6AB420-6AB3-4A41-BD8C-E57BECFA864A}.Release|Any CPU.ActiveCfg = Release|Any CPU
		{6B6AB420-6AB3-4A41-BD8C-E57BECFA864A}.Release|Any CPU.Build.0 = Release|Any CPU
	EndGlobalSection
	GlobalSection(SolutionProperties) = preSolution
		HideSolutionNode = FALSE
	EndGlobalSection
	GlobalSection(ExtensibilityGlobals) = postSolution
		SolutionGuid = {7FD44336-3009-45F3-AF1C-86C68E0A4ED8}
	EndGlobalSection
EndGlobal
