
Microsoft Visual Studio Solution File, Format Version 12.00
# Visual Studio Version 16
VisualStudioVersion = 16.0.30503.244
MinimumVisualStudioVersion = 10.0.40219.1
Project("{FAE04EC0-301F-11D3-BF4B-00C04F79EFBC}") = "w5d1m3a", "w5d1m3a\w5d1m3a.csproj", "{3711990D-B2B7-44C4-92CF-B816FF9D75C1}"
EndProject
Global
	GlobalSection(SolutionConfigurationPlatforms) = preSolution
		Debug|Any CPU = Debug|Any CPU
		Release|Any CPU = Release|Any CPU
	EndGlobalSection
	GlobalSection(ProjectConfigurationPlatforms) = postSolution
		{3711990D-B2B7-44C4-92CF-B816FF9D75C1}.Debug|Any CPU.ActiveCfg = Debug|Any CPU
		{3711990D-B2B7-44C4-92CF-B816FF9D75C1}.Debug|Any CPU.Build.0 = Debug|Any CPU
		{3711990D-B2B7-44C4-92CF-B816FF9D75C1}.Release|Any CPU.ActiveCfg = Release|Any CPU
		{3711990D-B2B7-44C4-92CF-B816FF9D75C1}.Release|Any CPU.Build.0 = Release|Any CPU
	EndGlobalSection
	GlobalSection(SolutionProperties) = preSolution
		HideSolutionNode = FALSE
	EndGlobalSection
	GlobalSection(ExtensibilityGlobals) = postSolution
		SolutionGuid = {39667FD0-F927-4D1E-BD4E-5911356C1373}
	EndGlobalSection
EndGlobal
