
Microsoft Visual Studio Solution File, Format Version 12.00
# Visual Studio Version 16
VisualStudioVersion = 16.0.30503.244
MinimumVisualStudioVersion = 10.0.40219.1
Project("{FAE04EC0-301F-11D3-BF4B-00C04F79EFBC}") = "day3", "day3\day3.csproj", "{984CF4F1-AA2B-47DE-AF31-6C01C79F5DB6}"
EndProject
Global
	GlobalSection(SolutionConfigurationPlatforms) = preSolution
		Debug|Any CPU = Debug|Any CPU
		Release|Any CPU = Release|Any CPU
	EndGlobalSection
	GlobalSection(ProjectConfigurationPlatforms) = postSolution
		{984CF4F1-AA2B-47DE-AF31-6C01C79F5DB6}.Debug|Any CPU.ActiveCfg = Debug|Any CPU
		{984CF4F1-AA2B-47DE-AF31-6C01C79F5DB6}.Debug|Any CPU.Build.0 = Debug|Any CPU
		{984CF4F1-AA2B-47DE-AF31-6C01C79F5DB6}.Release|Any CPU.ActiveCfg = Release|Any CPU
		{984CF4F1-AA2B-47DE-AF31-6C01C79F5DB6}.Release|Any CPU.Build.0 = Release|Any CPU
	EndGlobalSection
	GlobalSection(SolutionProperties) = preSolution
		HideSolutionNode = FALSE
	EndGlobalSection
	GlobalSection(ExtensibilityGlobals) = postSolution
		SolutionGuid = {4D74BB96-08C3-46C5-BEAC-58B783C9E359}
	EndGlobalSection
EndGlobal
